
Microsoft Visual Studio Solution File, Format Version 12.00
# Visual Studio Version 17
VisualStudioVersion = 17.9.34728.123
MinimumVisualStudioVersion = 10.0.40219.1
Project("{FAE04EC0-301F-11D3-BF4B-00C04F79EFBC}") = "AuthLibrary", "AuthLibrary.csproj", "{F7BC0CAE-3F30-447D-BD2A-590F3535AA73}"
EndProject
Global
	GlobalSection(SolutionConfigurationPlatforms) = preSolution
		Debug|Any CPU = Debug|Any CPU
		Release|Any CPU = Release|Any CPU
	EndGlobalSection
	GlobalSection(ProjectConfigurationPlatforms) = postSolution
		{F7BC0CAE-3F30-447D-BD2A-590F3535AA73}.Debug|Any CPU.ActiveCfg = Debug|Any CPU
		{F7BC0CAE-3F30-447D-BD2A-590F3535AA73}.Debug|Any CPU.Build.0 = Debug|Any CPU
		{F7BC0CAE-3F30-447D-BD2A-590F3535AA73}.Release|Any CPU.ActiveCfg = Release|Any CPU
		{F7BC0CAE-3F30-447D-BD2A-590F3535AA73}.Release|Any CPU.Build.0 = Release|Any CPU
	EndGlobalSection
	GlobalSection(SolutionProperties) = preSolution
		HideSolutionNode = FALSE
	EndGlobalSection
	GlobalSection(ExtensibilityGlobals) = postSolution
		SolutionGuid = {243506E9-3D89-4D2C-8DC9-78D23F793AAB}
	EndGlobalSection
EndGlobal
